
Microsoft Visual Studio Solution File, Format Version 12.00
# Visual Studio 15
Project("{FAE04EC0-301F-11D3-BF4B-00C04F79EFBC}") = "Assembly-CSharp", "Assembly-CSharp.csproj", "{473D45FA-D5DC-1F1B-D24E-A12C8725FFCF}"
EndProject
Global
	GlobalSection(SolutionConfigurationPlatforms) = preSolution
		Debug|Any CPU = Debug|Any CPU
		Release|Any CPU = Release|Any CPU
	EndGlobalSection
	GlobalSection(ProjectConfigurationPlatforms) = postSolution
		{473D45FA-D5DC-1F1B-D24E-A12C8725FFCF}.Debug|Any CPU.ActiveCfg = Debug|Any CPU
		{473D45FA-D5DC-1F1B-D24E-A12C8725FFCF}.Debug|Any CPU.Build.0 = Debug|Any CPU
		{473D45FA-D5DC-1F1B-D24E-A12C8725FFCF}.Release|Any CPU.ActiveCfg = Release|Any CPU
		{473D45FA-D5DC-1F1B-D24E-A12C8725FFCF}.Release|Any CPU.Build.0 = Release|Any CPU
	EndGlobalSection
	GlobalSection(SolutionProperties) = preSolution
		HideSolutionNode = FALSE
	EndGlobalSection
EndGlobal
